
Microsoft Visual Studio Solution File, Format Version 12.00
# Visual Studio Version 17
VisualStudioVersion = 17.13.35931.197 d17.13
MinimumVisualStudioVersion = 10.0.40219.1
Project("{FAE04EC0-301F-11D3-BF4B-00C04F79EFBC}") = "GestionTalonarios.UI", "GestionTalonarios.UI\GestionTalonarios.UI.csproj", "{441770BB-EF20-413C-BF03-02E8E9E775E6}"
	ProjectSection(ProjectDependencies) = postProject
		{A6D4AB2D-04AB-4A8B-A5FE-DCCC5A0EA4CD} = {A6D4AB2D-04AB-4A8B-A5FE-DCCC5A0EA4CD}
		{ECD5C784-40B4-4DC6-A43E-C5F5A7EFC1B5} = {ECD5C784-40B4-4DC6-A43E-C5F5A7EFC1B5}
	EndProjectSection
EndProject
Project("{FAE04EC0-301F-11D3-BF4B-00C04F79EFBC}") = "GestionTalonarios.Core", "GestionTalonarios.Core\GestionTalonarios.Core.csproj", "{A6D4AB2D-04AB-4A8B-A5FE-DCCC5A0EA4CD}"
EndProject
Project("{FAE04EC0-301F-11D3-BF4B-00C04F79EFBC}") = "GestionTalonarios.Data", "GestionTalonarios.Data\GestionTalonarios.Data.csproj", "{ECD5C784-40B4-4DC6-A43E-C5F5A7EFC1B5}"
	ProjectSection(ProjectDependencies) = postProject
		{A6D4AB2D-04AB-4A8B-A5FE-DCCC5A0EA4CD} = {A6D4AB2D-04AB-4A8B-A5FE-DCCC5A0EA4CD}
	EndProjectSection
EndProject
Global
	GlobalSection(SolutionConfigurationPlatforms) = preSolution
		Debug|Any CPU = Debug|Any CPU
		Release|Any CPU = Release|Any CPU
	EndGlobalSection
	GlobalSection(ProjectConfigurationPlatforms) = postSolution
		{441770BB-EF20-413C-BF03-02E8E9E775E6}.Debug|Any CPU.ActiveCfg = Debug|Any CPU
		{441770BB-EF20-413C-BF03-02E8E9E775E6}.Debug|Any CPU.Build.0 = Debug|Any CPU
		{441770BB-EF20-413C-BF03-02E8E9E775E6}.Release|Any CPU.ActiveCfg = Release|Any CPU
		{441770BB-EF20-413C-BF03-02E8E9E775E6}.Release|Any CPU.Build.0 = Release|Any CPU
		{A6D4AB2D-04AB-4A8B-A5FE-DCCC5A0EA4CD}.Debug|Any CPU.ActiveCfg = Debug|Any CPU
		{A6D4AB2D-04AB-4A8B-A5FE-DCCC5A0EA4CD}.Debug|Any CPU.Build.0 = Debug|Any CPU
		{A6D4AB2D-04AB-4A8B-A5FE-DCCC5A0EA4CD}.Release|Any CPU.ActiveCfg = Release|Any CPU
		{A6D4AB2D-04AB-4A8B-A5FE-DCCC5A0EA4CD}.Release|Any CPU.Build.0 = Release|Any CPU
		{ECD5C784-40B4-4DC6-A43E-C5F5A7EFC1B5}.Debug|Any CPU.ActiveCfg = Debug|Any CPU
		{ECD5C784-40B4-4DC6-A43E-C5F5A7EFC1B5}.Debug|Any CPU.Build.0 = Debug|Any CPU
		{ECD5C784-40B4-4DC6-A43E-C5F5A7EFC1B5}.Release|Any CPU.ActiveCfg = Release|Any CPU
		{ECD5C784-40B4-4DC6-A43E-C5F5A7EFC1B5}.Release|Any CPU.Build.0 = Release|Any CPU
	EndGlobalSection
	GlobalSection(SolutionProperties) = preSolution
		HideSolutionNode = FALSE
	EndGlobalSection
	GlobalSection(ExtensibilityGlobals) = postSolution
		SolutionGuid = {3C497E2B-78E2-4C6B-9525-A269446E180B}
	EndGlobalSection
EndGlobal
